
Microsoft Visual Studio Solution File, Format Version 12.00
# Visual Studio 15
VisualStudioVersion = 15.0.27130.2027
MinimumVisualStudioVersion = 10.0.40219.1
Project("{9A19103F-16F7-4668-BE54-9A1E7A4F7556}") = "CSF WebSocket Server", "CSF WebSocket Server\CSF WebSocket Server.csproj", "{F27B4B03-CF33-4989-93D5-5EB16FEAC304}"
EndProject
Project("{2150E333-8FDC-42A3-9474-1A3956D46DE8}") = "Solution Items", "Solution Items", "{EDB36AB6-4F21-444A-8E12-DBFCA2A9D7F2}"
	ProjectSection(SolutionItems) = preProject
		LICENSE = LICENSE
		README.md = README.md
	EndProjectSection
EndProject
Global
	GlobalSection(SolutionConfigurationPlatforms) = preSolution
		Debug|Any CPU = Debug|Any CPU
		Release|Any CPU = Release|Any CPU
	EndGlobalSection
	GlobalSection(ProjectConfigurationPlatforms) = postSolution
		{F27B4B03-CF33-4989-93D5-5EB16FEAC304}.Debug|Any CPU.ActiveCfg = Debug|Any CPU
		{F27B4B03-CF33-4989-93D5-5EB16FEAC304}.Debug|Any CPU.Build.0 = Debug|Any CPU
		{F27B4B03-CF33-4989-93D5-5EB16FEAC304}.Release|Any CPU.ActiveCfg = Release|Any CPU
		{F27B4B03-CF33-4989-93D5-5EB16FEAC304}.Release|Any CPU.Build.0 = Release|Any CPU
	EndGlobalSection
	GlobalSection(SolutionProperties) = preSolution
		HideSolutionNode = FALSE
	EndGlobalSection
	GlobalSection(ExtensibilityGlobals) = postSolution
		SolutionGuid = {16FAD29C-F5B7-400E-95CD-741D6B000688}
	EndGlobalSection
EndGlobal
